{
  "requires": true,
  "lockfileVersion": 1,
  "dependencies": {
    "web-vitals": {
      "version": "2.1.2",
      "resolved": "https://registry.npmjs.org/web-vitals/-/web-vitals-2.1.2.tgz",
      "integrity": "sha512-nZnEH8dj+vJFqCRYdvYv0a59iLXsb8jJkt+xvXfwgnkyPdsSLtKNlYmtTDiHmTNGXeSXtpjTTUcNvFtrAk6VMQ=="
    }
  }
}
